
Microsoft Visual Studio Solution File, Format Version 12.00
# Visual Studio Version 17
VisualStudioVersion = 17.3.32929.385
MinimumVisualStudioVersion = 10.0.40219.1
Project("{FAE04EC0-301F-11D3-BF4B-00C04F79EFBC}") = "CodeGeneration", "CodeGeneration\CodeGeneration.csproj", "{FC0B98CE-B60E-4A1C-B7CE-DF6A34F6925A}"
EndProject
Global
	GlobalSection(SolutionConfigurationPlatforms) = preSolution
		Debug|Any CPU = Debug|Any CPU
		Release|Any CPU = Release|Any CPU
	EndGlobalSection
	GlobalSection(ProjectConfigurationPlatforms) = postSolution
		{FC0B98CE-B60E-4A1C-B7CE-DF6A34F6925A}.Debug|Any CPU.ActiveCfg = Debug|Any CPU
		{FC0B98CE-B60E-4A1C-B7CE-DF6A34F6925A}.Debug|Any CPU.Build.0 = Debug|Any CPU
		{FC0B98CE-B60E-4A1C-B7CE-DF6A34F6925A}.Release|Any CPU.ActiveCfg = Release|Any CPU
		{FC0B98CE-B60E-4A1C-B7CE-DF6A34F6925A}.Release|Any CPU.Build.0 = Release|Any CPU
	EndGlobalSection
	GlobalSection(SolutionProperties) = preSolution
		HideSolutionNode = FALSE
	EndGlobalSection
	GlobalSection(ExtensibilityGlobals) = postSolution
		SolutionGuid = {A3369D12-69FE-4B23-82D2-286A1F26ED7C}
	EndGlobalSection
EndGlobal
